
Microsoft Visual Studio Solution File, Format Version 12.00
# Visual Studio Version 17
VisualStudioVersion = 17.0.31903.59
MinimumVisualStudioVersion = 10.0.40219.1
Project("{2150E333-8FDC-42A3-9474-1A3956D46DE8}") = "src", "src", "{827E0CD3-B72D-47B6-A68D-7590B98EB39B}"
EndProject
Project("{2150E333-8FDC-42A3-9474-1A3956D46DE8}") = "Domain", "Domain", "{8B290487-4C16-E85E-E807-F579CBE9FC4D}"
EndProject
Project("{FAE04EC0-301F-11D3-BF4B-00C04F79EFBC}") = "SafeVault.Domain", "src\Domain\SafeVault.Domain.csproj", "{645DD7CA-7716-468B-964B-5A54833CDCF4}"
EndProject
Project("{2150E333-8FDC-42A3-9474-1A3956D46DE8}") = "Application", "Application", "{22BAF98C-8415-17C4-B26A-D537657BC863}"
EndProject
Project("{FAE04EC0-301F-11D3-BF4B-00C04F79EFBC}") = "SafeVault.Application", "src\Application\SafeVault.Application.csproj", "{0A314A34-8B58-4398-BAED-B473724A38B8}"
EndProject
Project("{2150E333-8FDC-42A3-9474-1A3956D46DE8}") = "Infrastructure", "Infrastructure", "{9048EB7F-3875-A59E-E36B-5BD4C6F2A282}"
EndProject
Project("{FAE04EC0-301F-11D3-BF4B-00C04F79EFBC}") = "SafeVault.Infrastructure", "src\Infrastructure\SafeVault.Infrastructure.csproj", "{4322E407-5B04-4B36-BFB1-583BAB652C36}"
EndProject
Project("{2150E333-8FDC-42A3-9474-1A3956D46DE8}") = "InterfaceAdapters", "InterfaceAdapters", "{E68CD84D-E0E5-33D6-F5EB-1781B188017D}"
EndProject
Project("{FAE04EC0-301F-11D3-BF4B-00C04F79EFBC}") = "SafeVault.InterfaceAdapters", "src\InterfaceAdapters\SafeVault.InterfaceAdapters.csproj", "{4656CDF4-D618-4638-8B53-62C4C8940857}"
EndProject
Project("{2150E333-8FDC-42A3-9474-1A3956D46DE8}") = "tests", "tests", "{0AB3BF05-4346-4AA6-1389-037BE0695223}"
EndProject
Project("{2150E333-8FDC-42A3-9474-1A3956D46DE8}") = "DomainTests", "DomainTests", "{81A31589-87AD-2E6E-A4A3-828DD184490C}"
EndProject
Project("{FAE04EC0-301F-11D3-BF4B-00C04F79EFBC}") = "SafeVault.DomainTests", "tests\DomainTests\SafeVault.DomainTests.csproj", "{BDDCC2E3-4EC5-4F3B-AF39-0B39CF876FB4}"
EndProject
Project("{2150E333-8FDC-42A3-9474-1A3956D46DE8}") = "ApplicationTests", "ApplicationTests", "{2690790C-E1B3-6E69-ECF7-7480AC0638CF}"
EndProject
Project("{FAE04EC0-301F-11D3-BF4B-00C04F79EFBC}") = "SafeVault.ApplicationTests", "tests\ApplicationTests\SafeVault.ApplicationTests.csproj", "{EC649A90-A6BF-4DE6-8122-32CFD1B2A647}"
EndProject
Project("{2150E333-8FDC-42A3-9474-1A3956D46DE8}") = "InfrastructureTests", "InfrastructureTests", "{D8FF8502-16A3-94AF-2C8C-49A7A330EC8B}"
EndProject
Project("{FAE04EC0-301F-11D3-BF4B-00C04F79EFBC}") = "SafeVault.InfrastructureTests", "tests\InfrastructureTests\SafeVault.InfrastructureTests.csproj", "{562F49F4-2E5B-4A58-B184-20A32F35E25C}"
EndProject
Project("{2150E333-8FDC-42A3-9474-1A3956D46DE8}") = "InterfaceAdaptersTests", "InterfaceAdaptersTests", "{B6A048CA-88F0-3763-41C8-52D36605999C}"
EndProject
Project("{FAE04EC0-301F-11D3-BF4B-00C04F79EFBC}") = "SafeVault.InterfaceAdaptersTests", "tests\InterfaceAdaptersTests\SafeVault.InterfaceAdaptersTests.csproj", "{E3536EF6-47B1-4A94-9F99-ACE41FA98FC2}"
EndProject
Global
	GlobalSection(SolutionConfigurationPlatforms) = preSolution
		Debug|Any CPU = Debug|Any CPU
		Debug|x64 = Debug|x64
		Debug|x86 = Debug|x86
		Release|Any CPU = Release|Any CPU
		Release|x64 = Release|x64
		Release|x86 = Release|x86
	EndGlobalSection
	GlobalSection(ProjectConfigurationPlatforms) = postSolution
		{645DD7CA-7716-468B-964B-5A54833CDCF4}.Debug|Any CPU.ActiveCfg = Debug|Any CPU
		{645DD7CA-7716-468B-964B-5A54833CDCF4}.Debug|Any CPU.Build.0 = Debug|Any CPU
		{645DD7CA-7716-468B-964B-5A54833CDCF4}.Debug|x64.ActiveCfg = Debug|Any CPU
		{645DD7CA-7716-468B-964B-5A54833CDCF4}.Debug|x64.Build.0 = Debug|Any CPU
		{645DD7CA-7716-468B-964B-5A54833CDCF4}.Debug|x86.ActiveCfg = Debug|Any CPU
		{645DD7CA-7716-468B-964B-5A54833CDCF4}.Debug|x86.Build.0 = Debug|Any CPU
		{645DD7CA-7716-468B-964B-5A54833CDCF4}.Release|Any CPU.ActiveCfg = Release|Any CPU
		{645DD7CA-7716-468B-964B-5A54833CDCF4}.Release|Any CPU.Build.0 = Release|Any CPU
		{645DD7CA-7716-468B-964B-5A54833CDCF4}.Release|x64.ActiveCfg = Release|Any CPU
		{645DD7CA-7716-468B-964B-5A54833CDCF4}.Release|x64.Build.0 = Release|Any CPU
		{645DD7CA-7716-468B-964B-5A54833CDCF4}.Release|x86.ActiveCfg = Release|Any CPU
		{645DD7CA-7716-468B-964B-5A54833CDCF4}.Release|x86.Build.0 = Release|Any CPU
		{0A314A34-8B58-4398-BAED-B473724A38B8}.Debug|Any CPU.ActiveCfg = Debug|Any CPU
		{0A314A34-8B58-4398-BAED-B473724A38B8}.Debug|Any CPU.Build.0 = Debug|Any CPU
		{0A314A34-8B58-4398-BAED-B473724A38B8}.Debug|x64.ActiveCfg = Debug|Any CPU
		{0A314A34-8B58-4398-BAED-B473724A38B8}.Debug|x64.Build.0 = Debug|Any CPU
		{0A314A34-8B58-4398-BAED-B473724A38B8}.Debug|x86.ActiveCfg = Debug|Any CPU
		{0A314A34-8B58-4398-BAED-B473724A38B8}.Debug|x86.Build.0 = Debug|Any CPU
		{0A314A34-8B58-4398-BAED-B473724A38B8}.Release|Any CPU.ActiveCfg = Release|Any CPU
		{0A314A34-8B58-4398-BAED-B473724A38B8}.Release|Any CPU.Build.0 = Release|Any CPU
		{0A314A34-8B58-4398-BAED-B473724A38B8}.Release|x64.ActiveCfg = Release|Any CPU
		{0A314A34-8B58-4398-BAED-B473724A38B8}.Release|x64.Build.0 = Release|Any CPU
		{0A314A34-8B58-4398-BAED-B473724A38B8}.Release|x86.ActiveCfg = Release|Any CPU
		{0A314A34-8B58-4398-BAED-B473724A38B8}.Release|x86.Build.0 = Release|Any CPU
		{4322E407-5B04-4B36-BFB1-583BAB652C36}.Debug|Any CPU.ActiveCfg = Debug|Any CPU
		{4322E407-5B04-4B36-BFB1-583BAB652C36}.Debug|Any CPU.Build.0 = Debug|Any CPU
		{4322E407-5B04-4B36-BFB1-583BAB652C36}.Debug|x64.ActiveCfg = Debug|Any CPU
		{4322E407-5B04-4B36-BFB1-583BAB652C36}.Debug|x64.Build.0 = Debug|Any CPU
		{4322E407-5B04-4B36-BFB1-583BAB652C36}.Debug|x86.ActiveCfg = Debug|Any CPU
		{4322E407-5B04-4B36-BFB1-583BAB652C36}.Debug|x86.Build.0 = Debug|Any CPU
		{4322E407-5B04-4B36-BFB1-583BAB652C36}.Release|Any CPU.ActiveCfg = Release|Any CPU
		{4322E407-5B04-4B36-BFB1-583BAB652C36}.Release|Any CPU.Build.0 = Release|Any CPU
		{4322E407-5B04-4B36-BFB1-583BAB652C36}.Release|x64.ActiveCfg = Release|Any CPU
		{4322E407-5B04-4B36-BFB1-583BAB652C36}.Release|x64.Build.0 = Release|Any CPU
		{4322E407-5B04-4B36-BFB1-583BAB652C36}.Release|x86.ActiveCfg = Release|Any CPU
		{4322E407-5B04-4B36-BFB1-583BAB652C36}.Release|x86.Build.0 = Release|Any CPU
		{4656CDF4-D618-4638-8B53-62C4C8940857}.Debug|Any CPU.ActiveCfg = Debug|Any CPU
		{4656CDF4-D618-4638-8B53-62C4C8940857}.Debug|Any CPU.Build.0 = Debug|Any CPU
		{4656CDF4-D618-4638-8B53-62C4C8940857}.Debug|x64.ActiveCfg = Debug|Any CPU
		{4656CDF4-D618-4638-8B53-62C4C8940857}.Debug|x64.Build.0 = Debug|Any CPU
		{4656CDF4-D618-4638-8B53-62C4C8940857}.Debug|x86.ActiveCfg = Debug|Any CPU
		{4656CDF4-D618-4638-8B53-62C4C8940857}.Debug|x86.Build.0 = Debug|Any CPU
		{4656CDF4-D618-4638-8B53-62C4C8940857}.Release|Any CPU.ActiveCfg = Release|Any CPU
		{4656CDF4-D618-4638-8B53-62C4C8940857}.Release|Any CPU.Build.0 = Release|Any CPU
		{4656CDF4-D618-4638-8B53-62C4C8940857}.Release|x64.ActiveCfg = Release|Any CPU
		{4656CDF4-D618-4638-8B53-62C4C8940857}.Release|x64.Build.0 = Release|Any CPU
		{4656CDF4-D618-4638-8B53-62C4C8940857}.Release|x86.ActiveCfg = Release|Any CPU
		{4656CDF4-D618-4638-8B53-62C4C8940857}.Release|x86.Build.0 = Release|Any CPU
		{BDDCC2E3-4EC5-4F3B-AF39-0B39CF876FB4}.Debug|Any CPU.ActiveCfg = Debug|Any CPU
		{BDDCC2E3-4EC5-4F3B-AF39-0B39CF876FB4}.Debug|Any CPU.Build.0 = Debug|Any CPU
		{BDDCC2E3-4EC5-4F3B-AF39-0B39CF876FB4}.Debug|x64.ActiveCfg = Debug|Any CPU
		{BDDCC2E3-4EC5-4F3B-AF39-0B39CF876FB4}.Debug|x64.Build.0 = Debug|Any CPU
		{BDDCC2E3-4EC5-4F3B-AF39-0B39CF876FB4}.Debug|x86.ActiveCfg = Debug|Any CPU
		{BDDCC2E3-4EC5-4F3B-AF39-0B39CF876FB4}.Debug|x86.Build.0 = Debug|Any CPU
		{BDDCC2E3-4EC5-4F3B-AF39-0B39CF876FB4}.Release|Any CPU.ActiveCfg = Release|Any CPU
		{BDDCC2E3-4EC5-4F3B-AF39-0B39CF876FB4}.Release|Any CPU.Build.0 = Release|Any CPU
		{BDDCC2E3-4EC5-4F3B-AF39-0B39CF876FB4}.Release|x64.ActiveCfg = Release|Any CPU
		{BDDCC2E3-4EC5-4F3B-AF39-0B39CF876FB4}.Release|x64.Build.0 = Release|Any CPU
		{BDDCC2E3-4EC5-4F3B-AF39-0B39CF876FB4}.Release|x86.ActiveCfg = Release|Any CPU
		{BDDCC2E3-4EC5-4F3B-AF39-0B39CF876FB4}.Release|x86.Build.0 = Release|Any CPU
		{EC649A90-A6BF-4DE6-8122-32CFD1B2A647}.Debug|Any CPU.ActiveCfg = Debug|Any CPU
		{EC649A90-A6BF-4DE6-8122-32CFD1B2A647}.Debug|Any CPU.Build.0 = Debug|Any CPU
		{EC649A90-A6BF-4DE6-8122-32CFD1B2A647}.Debug|x64.ActiveCfg = Debug|Any CPU
		{EC649A90-A6BF-4DE6-8122-32CFD1B2A647}.Debug|x64.Build.0 = Debug|Any CPU
		{EC649A90-A6BF-4DE6-8122-32CFD1B2A647}.Debug|x86.ActiveCfg = Debug|Any CPU
		{EC649A90-A6BF-4DE6-8122-32CFD1B2A647}.Debug|x86.Build.0 = Debug|Any CPU
		{EC649A90-A6BF-4DE6-8122-32CFD1B2A647}.Release|Any CPU.ActiveCfg = Release|Any CPU
		{EC649A90-A6BF-4DE6-8122-32CFD1B2A647}.Release|Any CPU.Build.0 = Release|Any CPU
		{EC649A90-A6BF-4DE6-8122-32CFD1B2A647}.Release|x64.ActiveCfg = Release|Any CPU
		{EC649A90-A6BF-4DE6-8122-32CFD1B2A647}.Release|x64.Build.0 = Release|Any CPU
		{EC649A90-A6BF-4DE6-8122-32CFD1B2A647}.Release|x86.ActiveCfg = Release|Any CPU
		{EC649A90-A6BF-4DE6-8122-32CFD1B2A647}.Release|x86.Build.0 = Release|Any CPU
		{562F49F4-2E5B-4A58-B184-20A32F35E25C}.Debug|Any CPU.ActiveCfg = Debug|Any CPU
		{562F49F4-2E5B-4A58-B184-20A32F35E25C}.Debug|Any CPU.Build.0 = Debug|Any CPU
		{562F49F4-2E5B-4A58-B184-20A32F35E25C}.Debug|x64.ActiveCfg = Debug|Any CPU
		{562F49F4-2E5B-4A58-B184-20A32F35E25C}.Debug|x64.Build.0 = Debug|Any CPU
		{562F49F4-2E5B-4A58-B184-20A32F35E25C}.Debug|x86.ActiveCfg = Debug|Any CPU
		{562F49F4-2E5B-4A58-B184-20A32F35E25C}.Debug|x86.Build.0 = Debug|Any CPU
		{562F49F4-2E5B-4A58-B184-20A32F35E25C}.Release|Any CPU.ActiveCfg = Release|Any CPU
		{562F49F4-2E5B-4A58-B184-20A32F35E25C}.Release|Any CPU.Build.0 = Release|Any CPU
		{562F49F4-2E5B-4A58-B184-20A32F35E25C}.Release|x64.ActiveCfg = Release|Any CPU
		{562F49F4-2E5B-4A58-B184-20A32F35E25C}.Release|x64.Build.0 = Release|Any CPU
		{562F49F4-2E5B-4A58-B184-20A32F35E25C}.Release|x86.ActiveCfg = Release|Any CPU
		{562F49F4-2E5B-4A58-B184-20A32F35E25C}.Release|x86.Build.0 = Release|Any CPU
		{E3536EF6-47B1-4A94-9F99-ACE41FA98FC2}.Debug|Any CPU.ActiveCfg = Debug|Any CPU
		{E3536EF6-47B1-4A94-9F99-ACE41FA98FC2}.Debug|Any CPU.Build.0 = Debug|Any CPU
		{E3536EF6-47B1-4A94-9F99-ACE41FA98FC2}.Debug|x64.ActiveCfg = Debug|Any CPU
		{E3536EF6-47B1-4A94-9F99-ACE41FA98FC2}.Debug|x64.Build.0 = Debug|Any CPU
		{E3536EF6-47B1-4A94-9F99-ACE41FA98FC2}.Debug|x86.ActiveCfg = Debug|Any CPU
		{E3536EF6-47B1-4A94-9F99-ACE41FA98FC2}.Debug|x86.Build.0 = Debug|Any CPU
		{E3536EF6-47B1-4A94-9F99-ACE41FA98FC2}.Release|Any CPU.ActiveCfg = Release|Any CPU
		{E3536EF6-47B1-4A94-9F99-ACE41FA98FC2}.Release|Any CPU.Build.0 = Release|Any CPU
		{E3536EF6-47B1-4A94-9F99-ACE41FA98FC2}.Release|x64.ActiveCfg = Release|Any CPU
		{E3536EF6-47B1-4A94-9F99-ACE41FA98FC2}.Release|x64.Build.0 = Release|Any CPU
		{E3536EF6-47B1-4A94-9F99-ACE41FA98FC2}.Release|x86.ActiveCfg = Release|Any CPU
		{E3536EF6-47B1-4A94-9F99-ACE41FA98FC2}.Release|x86.Build.0 = Release|Any CPU
	EndGlobalSection
	GlobalSection(SolutionProperties) = preSolution
		HideSolutionNode = FALSE
	EndGlobalSection
	GlobalSection(NestedProjects) = preSolution
		{8B290487-4C16-E85E-E807-F579CBE9FC4D} = {827E0CD3-B72D-47B6-A68D-7590B98EB39B}
		{645DD7CA-7716-468B-964B-5A54833CDCF4} = {8B290487-4C16-E85E-E807-F579CBE9FC4D}
		{22BAF98C-8415-17C4-B26A-D537657BC863} = {827E0CD3-B72D-47B6-A68D-7590B98EB39B}
		{0A314A34-8B58-4398-BAED-B473724A38B8} = {22BAF98C-8415-17C4-B26A-D537657BC863}
		{9048EB7F-3875-A59E-E36B-5BD4C6F2A282} = {827E0CD3-B72D-47B6-A68D-7590B98EB39B}
		{4322E407-5B04-4B36-BFB1-583BAB652C36} = {9048EB7F-3875-A59E-E36B-5BD4C6F2A282}
		{E68CD84D-E0E5-33D6-F5EB-1781B188017D} = {827E0CD3-B72D-47B6-A68D-7590B98EB39B}
		{4656CDF4-D618-4638-8B53-62C4C8940857} = {E68CD84D-E0E5-33D6-F5EB-1781B188017D}
		{81A31589-87AD-2E6E-A4A3-828DD184490C} = {0AB3BF05-4346-4AA6-1389-037BE0695223}
		{BDDCC2E3-4EC5-4F3B-AF39-0B39CF876FB4} = {81A31589-87AD-2E6E-A4A3-828DD184490C}
		{2690790C-E1B3-6E69-ECF7-7480AC0638CF} = {0AB3BF05-4346-4AA6-1389-037BE0695223}
		{EC649A90-A6BF-4DE6-8122-32CFD1B2A647} = {2690790C-E1B3-6E69-ECF7-7480AC0638CF}
		{D8FF8502-16A3-94AF-2C8C-49A7A330EC8B} = {0AB3BF05-4346-4AA6-1389-037BE0695223}
		{562F49F4-2E5B-4A58-B184-20A32F35E25C} = {D8FF8502-16A3-94AF-2C8C-49A7A330EC8B}
		{B6A048CA-88F0-3763-41C8-52D36605999C} = {0AB3BF05-4346-4AA6-1389-037BE0695223}
		{E3536EF6-47B1-4A94-9F99-ACE41FA98FC2} = {B6A048CA-88F0-3763-41C8-52D36605999C}
	EndGlobalSection
EndGlobal
